
Microsoft Visual Studio Solution File, Format Version 12.00
# Visual Studio 15
VisualStudioVersion = 15.0.28307.779
MinimumVisualStudioVersion = 10.0.40219.1
Project("{FAE04EC0-301F-11D3-BF4B-00C04F79EFBC}") = "Group6", "Group6\Group6.csproj", "{F59A6673-CCFC-45EF-8565-739FD8669944}"
EndProject
Project("{FAE04EC0-301F-11D3-BF4B-00C04F79EFBC}") = "Group6.Tests", "Group6.Tests\Group6.Tests.csproj", "{83DB0EE1-5E50-4FED-8906-D661B7525C4B}"
EndProject
Global
	GlobalSection(SolutionConfigurationPlatforms) = preSolution
		Debug|Any CPU = Debug|Any CPU
		Release|Any CPU = Release|Any CPU
	EndGlobalSection
	GlobalSection(ProjectConfigurationPlatforms) = postSolution
		{F59A6673-CCFC-45EF-8565-739FD8669944}.Debug|Any CPU.ActiveCfg = Debug|Any CPU
		{F59A6673-CCFC-45EF-8565-739FD8669944}.Debug|Any CPU.Build.0 = Debug|Any CPU
		{F59A6673-CCFC-45EF-8565-739FD8669944}.Release|Any CPU.ActiveCfg = Release|Any CPU
		{F59A6673-CCFC-45EF-8565-739FD8669944}.Release|Any CPU.Build.0 = Release|Any CPU
		{83DB0EE1-5E50-4FED-8906-D661B7525C4B}.Debug|Any CPU.ActiveCfg = Debug|Any CPU
		{83DB0EE1-5E50-4FED-8906-D661B7525C4B}.Debug|Any CPU.Build.0 = Debug|Any CPU
		{83DB0EE1-5E50-4FED-8906-D661B7525C4B}.Release|Any CPU.ActiveCfg = Release|Any CPU
		{83DB0EE1-5E50-4FED-8906-D661B7525C4B}.Release|Any CPU.Build.0 = Release|Any CPU
	EndGlobalSection
	GlobalSection(SolutionProperties) = preSolution
		HideSolutionNode = FALSE
	EndGlobalSection
	GlobalSection(ExtensibilityGlobals) = postSolution
		SolutionGuid = {E850F42F-AF43-4507-9CA6-4C4D563E781A}
	EndGlobalSection
EndGlobal
